
Microsoft Visual Studio Solution File, Format Version 12.00
# Visual Studio Version 17
VisualStudioVersion = 17.5.002.0
MinimumVisualStudioVersion = 10.0.40219.1
Project("{9A19103F-16F7-4668-BE54-9A1E7A4F7556}") = "Starter", "Starter.csproj", "{D03CF574-FEC1-40FB-9971-18EE34A8E15C}"
EndProject
Global
	GlobalSection(SolutionConfigurationPlatforms) = preSolution
		Debug|Any CPU = Debug|Any CPU
		Release|Any CPU = Release|Any CPU
	EndGlobalSection
	GlobalSection(ProjectConfigurationPlatforms) = postSolution
		{D03CF574-FEC1-40FB-9971-18EE34A8E15C}.Debug|Any CPU.ActiveCfg = Debug|Any CPU
		{D03CF574-FEC1-40FB-9971-18EE34A8E15C}.Debug|Any CPU.Build.0 = Debug|Any CPU
		{D03CF574-FEC1-40FB-9971-18EE34A8E15C}.Release|Any CPU.ActiveCfg = Release|Any CPU
		{D03CF574-FEC1-40FB-9971-18EE34A8E15C}.Release|Any CPU.Build.0 = Release|Any CPU
	EndGlobalSection
	GlobalSection(SolutionProperties) = preSolution
		HideSolutionNode = FALSE
	EndGlobalSection
	GlobalSection(ExtensibilityGlobals) = postSolution
		SolutionGuid = {31D80A22-8697-4C47-8DB9-777584F568E7}
	EndGlobalSection
EndGlobal
